
Microsoft Visual Studio Solution File, Format Version 12.00
# Visual Studio Version 17
VisualStudioVersion = 17.4.33122.133
MinimumVisualStudioVersion = 10.0.40219.1
Project("{FAE04EC0-301F-11D3-BF4B-00C04F79EFBC}") = "HelpApp.Domain", "HelpApp.Domain\HelpApp.Domain.csproj", "{A81E1D1A-EE52-4F33-A77D-619DAE77614B}"
EndProject
Global
	GlobalSection(SolutionConfigurationPlatforms) = preSolution
		Debug|Any CPU = Debug|Any CPU
		Release|Any CPU = Release|Any CPU
	EndGlobalSection
	GlobalSection(ProjectConfigurationPlatforms) = postSolution
		{A81E1D1A-EE52-4F33-A77D-619DAE77614B}.Debug|Any CPU.ActiveCfg = Debug|Any CPU
		{A81E1D1A-EE52-4F33-A77D-619DAE77614B}.Debug|Any CPU.Build.0 = Debug|Any CPU
		{A81E1D1A-EE52-4F33-A77D-619DAE77614B}.Release|Any CPU.ActiveCfg = Release|Any CPU
		{A81E1D1A-EE52-4F33-A77D-619DAE77614B}.Release|Any CPU.Build.0 = Release|Any CPU
	EndGlobalSection
	GlobalSection(SolutionProperties) = preSolution
		HideSolutionNode = FALSE
	EndGlobalSection
	GlobalSection(ExtensibilityGlobals) = postSolution
		SolutionGuid = {0FCE33EA-5008-4D9A-833A-61319CFC1B56}
	EndGlobalSection
EndGlobal
