
Microsoft Visual Studio Solution File, Format Version 12.00
# Visual Studio Version 17
VisualStudioVersion = 17.4.33122.133
MinimumVisualStudioVersion = 10.0.40219.1
Project("{FAE04EC0-301F-11D3-BF4B-00C04F79EFBC}") = "HelpApp.Domain", "HelpApp.Domain\HelpApp.Domain.csproj", "{435533D5-DAB7-4DB4-9EC7-B5D5453324C0}"
EndProject
Project("{FAE04EC0-301F-11D3-BF4B-00C04F79EFBC}") = "HelpApp.aplication", "HelpApp.aplication\HelpApp.aplication.csproj", "{5851A8BA-A4D8-4B2B-A07D-2633ED32ADD7}"
EndProject
Project("{FAE04EC0-301F-11D3-BF4B-00C04F79EFBC}") = "HelpApp.Infra", "HelpApp.Infra\HelpApp.Infra.csproj", "{72F7EAA9-20AF-4CBB-BF6F-A6313964E7E7}"
EndProject
Project("{FAE04EC0-301F-11D3-BF4B-00C04F79EFBC}") = "HelpApp.API", "HelpApp.API\HelpApp.API.csproj", "{8189CE46-7B6C-4A90-A06A-982664D9F1A3}"
EndProject
Project("{FAE04EC0-301F-11D3-BF4B-00C04F79EFBC}") = "HelpApp.Infra.Data", "HelpApp.Infra.Data\HelpApp.Infra.Data.csproj", "{534FEA89-E0CC-4B6A-9F21-5757804BCDE8}"
EndProject
Project("{FAE04EC0-301F-11D3-BF4B-00C04F79EFBC}") = "HelpApp.Infra.bnC", "HelpApp.Infra.bnC\HelpApp.Infra.bnC.csproj", "{9A850F2E-E5A3-42AD-AAF1-2EF3EFDA5E54}"
EndProject
Project("{FAE04EC0-301F-11D3-BF4B-00C04F79EFBC}") = "HelpApp.Domain.Test", "HelpApp.Domain.Test\HelpApp.Domain.Test.csproj", "{96CD0528-4E25-43F0-85EC-95AF1015A91E}"
EndProject
Global
	GlobalSection(SolutionConfigurationPlatforms) = preSolution
		Debug|Any CPU = Debug|Any CPU
		Debug|ARM = Debug|ARM
		Debug|ARM64 = Debug|ARM64
		Debug|x64 = Debug|x64
		Debug|x86 = Debug|x86
		Release|Any CPU = Release|Any CPU
		Release|ARM = Release|ARM
		Release|ARM64 = Release|ARM64
		Release|x64 = Release|x64
		Release|x86 = Release|x86
	EndGlobalSection
	GlobalSection(ProjectConfigurationPlatforms) = postSolution
		{435533D5-DAB7-4DB4-9EC7-B5D5453324C0}.Debug|Any CPU.ActiveCfg = Debug|Any CPU
		{435533D5-DAB7-4DB4-9EC7-B5D5453324C0}.Debug|Any CPU.Build.0 = Debug|Any CPU
		{435533D5-DAB7-4DB4-9EC7-B5D5453324C0}.Debug|ARM.ActiveCfg = Debug|ARM
		{435533D5-DAB7-4DB4-9EC7-B5D5453324C0}.Debug|ARM.Build.0 = Debug|ARM
		{435533D5-DAB7-4DB4-9EC7-B5D5453324C0}.Debug|ARM64.ActiveCfg = Debug|ARM64
		{435533D5-DAB7-4DB4-9EC7-B5D5453324C0}.Debug|ARM64.Build.0 = Debug|ARM64
		{435533D5-DAB7-4DB4-9EC7-B5D5453324C0}.Debug|x64.ActiveCfg = Debug|x64
		{435533D5-DAB7-4DB4-9EC7-B5D5453324C0}.Debug|x64.Build.0 = Debug|x64
		{435533D5-DAB7-4DB4-9EC7-B5D5453324C0}.Debug|x86.ActiveCfg = Debug|x86
		{435533D5-DAB7-4DB4-9EC7-B5D5453324C0}.Debug|x86.Build.0 = Debug|x86
		{435533D5-DAB7-4DB4-9EC7-B5D5453324C0}.Release|Any CPU.ActiveCfg = Release|Any CPU
		{435533D5-DAB7-4DB4-9EC7-B5D5453324C0}.Release|Any CPU.Build.0 = Release|Any CPU
		{435533D5-DAB7-4DB4-9EC7-B5D5453324C0}.Release|ARM.ActiveCfg = Release|ARM
		{435533D5-DAB7-4DB4-9EC7-B5D5453324C0}.Release|ARM.Build.0 = Release|ARM
		{435533D5-DAB7-4DB4-9EC7-B5D5453324C0}.Release|ARM64.ActiveCfg = Release|ARM64
		{435533D5-DAB7-4DB4-9EC7-B5D5453324C0}.Release|ARM64.Build.0 = Release|ARM64
		{435533D5-DAB7-4DB4-9EC7-B5D5453324C0}.Release|x64.ActiveCfg = Release|x64
		{435533D5-DAB7-4DB4-9EC7-B5D5453324C0}.Release|x64.Build.0 = Release|x64
		{435533D5-DAB7-4DB4-9EC7-B5D5453324C0}.Release|x86.ActiveCfg = Release|x86
		{435533D5-DAB7-4DB4-9EC7-B5D5453324C0}.Release|x86.Build.0 = Release|x86
		{5851A8BA-A4D8-4B2B-A07D-2633ED32ADD7}.Debug|Any CPU.ActiveCfg = Debug|Any CPU
		{5851A8BA-A4D8-4B2B-A07D-2633ED32ADD7}.Debug|Any CPU.Build.0 = Debug|Any CPU
		{5851A8BA-A4D8-4B2B-A07D-2633ED32ADD7}.Debug|ARM.ActiveCfg = Debug|Any CPU
		{5851A8BA-A4D8-4B2B-A07D-2633ED32ADD7}.Debug|ARM.Build.0 = Debug|Any CPU
		{5851A8BA-A4D8-4B2B-A07D-2633ED32ADD7}.Debug|ARM64.ActiveCfg = Debug|Any CPU
		{5851A8BA-A4D8-4B2B-A07D-2633ED32ADD7}.Debug|ARM64.Build.0 = Debug|Any CPU
		{5851A8BA-A4D8-4B2B-A07D-2633ED32ADD7}.Debug|x64.ActiveCfg = Debug|Any CPU
		{5851A8BA-A4D8-4B2B-A07D-2633ED32ADD7}.Debug|x64.Build.0 = Debug|Any CPU
		{5851A8BA-A4D8-4B2B-A07D-2633ED32ADD7}.Debug|x86.ActiveCfg = Debug|Any CPU
		{5851A8BA-A4D8-4B2B-A07D-2633ED32ADD7}.Debug|x86.Build.0 = Debug|Any CPU
		{5851A8BA-A4D8-4B2B-A07D-2633ED32ADD7}.Release|Any CPU.ActiveCfg = Release|Any CPU
		{5851A8BA-A4D8-4B2B-A07D-2633ED32ADD7}.Release|Any CPU.Build.0 = Release|Any CPU
		{5851A8BA-A4D8-4B2B-A07D-2633ED32ADD7}.Release|ARM.ActiveCfg = Release|Any CPU
		{5851A8BA-A4D8-4B2B-A07D-2633ED32ADD7}.Release|ARM.Build.0 = Release|Any CPU
		{5851A8BA-A4D8-4B2B-A07D-2633ED32ADD7}.Release|ARM64.ActiveCfg = Release|Any CPU
		{5851A8BA-A4D8-4B2B-A07D-2633ED32ADD7}.Release|ARM64.Build.0 = Release|Any CPU
		{5851A8BA-A4D8-4B2B-A07D-2633ED32ADD7}.Release|x64.ActiveCfg = Release|Any CPU
		{5851A8BA-A4D8-4B2B-A07D-2633ED32ADD7}.Release|x64.Build.0 = Release|Any CPU
		{5851A8BA-A4D8-4B2B-A07D-2633ED32ADD7}.Release|x86.ActiveCfg = Release|Any CPU
		{5851A8BA-A4D8-4B2B-A07D-2633ED32ADD7}.Release|x86.Build.0 = Release|Any CPU
		{72F7EAA9-20AF-4CBB-BF6F-A6313964E7E7}.Debug|Any CPU.ActiveCfg = Debug|Any CPU
		{72F7EAA9-20AF-4CBB-BF6F-A6313964E7E7}.Debug|Any CPU.Build.0 = Debug|Any CPU
		{72F7EAA9-20AF-4CBB-BF6F-A6313964E7E7}.Debug|ARM.ActiveCfg = Debug|Any CPU
		{72F7EAA9-20AF-4CBB-BF6F-A6313964E7E7}.Debug|ARM.Build.0 = Debug|Any CPU
		{72F7EAA9-20AF-4CBB-BF6F-A6313964E7E7}.Debug|ARM64.ActiveCfg = Debug|Any CPU
		{72F7EAA9-20AF-4CBB-BF6F-A6313964E7E7}.Debug|ARM64.Build.0 = Debug|Any CPU
		{72F7EAA9-20AF-4CBB-BF6F-A6313964E7E7}.Debug|x64.ActiveCfg = Debug|Any CPU
		{72F7EAA9-20AF-4CBB-BF6F-A6313964E7E7}.Debug|x64.Build.0 = Debug|Any CPU
		{72F7EAA9-20AF-4CBB-BF6F-A6313964E7E7}.Debug|x86.ActiveCfg = Debug|Any CPU
		{72F7EAA9-20AF-4CBB-BF6F-A6313964E7E7}.Debug|x86.Build.0 = Debug|Any CPU
		{72F7EAA9-20AF-4CBB-BF6F-A6313964E7E7}.Release|Any CPU.ActiveCfg = Release|Any CPU
		{72F7EAA9-20AF-4CBB-BF6F-A6313964E7E7}.Release|Any CPU.Build.0 = Release|Any CPU
		{72F7EAA9-20AF-4CBB-BF6F-A6313964E7E7}.Release|ARM.ActiveCfg = Release|Any CPU
		{72F7EAA9-20AF-4CBB-BF6F-A6313964E7E7}.Release|ARM.Build.0 = Release|Any CPU
		{72F7EAA9-20AF-4CBB-BF6F-A6313964E7E7}.Release|ARM64.ActiveCfg = Release|Any CPU
		{72F7EAA9-20AF-4CBB-BF6F-A6313964E7E7}.Release|ARM64.Build.0 = Release|Any CPU
		{72F7EAA9-20AF-4CBB-BF6F-A6313964E7E7}.Release|x64.ActiveCfg = Release|Any CPU
		{72F7EAA9-20AF-4CBB-BF6F-A6313964E7E7}.Release|x64.Build.0 = Release|Any CPU
		{72F7EAA9-20AF-4CBB-BF6F-A6313964E7E7}.Release|x86.ActiveCfg = Release|Any CPU
		{72F7EAA9-20AF-4CBB-BF6F-A6313964E7E7}.Release|x86.Build.0 = Release|Any CPU
		{8189CE46-7B6C-4A90-A06A-982664D9F1A3}.Debug|Any CPU.ActiveCfg = Debug|Any CPU
		{8189CE46-7B6C-4A90-A06A-982664D9F1A3}.Debug|Any CPU.Build.0 = Debug|Any CPU
		{8189CE46-7B6C-4A90-A06A-982664D9F1A3}.Debug|ARM.ActiveCfg = Debug|Any CPU
		{8189CE46-7B6C-4A90-A06A-982664D9F1A3}.Debug|ARM.Build.0 = Debug|Any CPU
		{8189CE46-7B6C-4A90-A06A-982664D9F1A3}.Debug|ARM64.ActiveCfg = Debug|Any CPU
		{8189CE46-7B6C-4A90-A06A-982664D9F1A3}.Debug|ARM64.Build.0 = Debug|Any CPU
		{8189CE46-7B6C-4A90-A06A-982664D9F1A3}.Debug|x64.ActiveCfg = Debug|Any CPU
		{8189CE46-7B6C-4A90-A06A-982664D9F1A3}.Debug|x64.Build.0 = Debug|Any CPU
		{8189CE46-7B6C-4A90-A06A-982664D9F1A3}.Debug|x86.ActiveCfg = Debug|Any CPU
		{8189CE46-7B6C-4A90-A06A-982664D9F1A3}.Debug|x86.Build.0 = Debug|Any CPU
		{8189CE46-7B6C-4A90-A06A-982664D9F1A3}.Release|Any CPU.ActiveCfg = Release|Any CPU
		{8189CE46-7B6C-4A90-A06A-982664D9F1A3}.Release|Any CPU.Build.0 = Release|Any CPU
		{8189CE46-7B6C-4A90-A06A-982664D9F1A3}.Release|ARM.ActiveCfg = Release|Any CPU
		{8189CE46-7B6C-4A90-A06A-982664D9F1A3}.Release|ARM.Build.0 = Release|Any CPU
		{8189CE46-7B6C-4A90-A06A-982664D9F1A3}.Release|ARM64.ActiveCfg = Release|Any CPU
		{8189CE46-7B6C-4A90-A06A-982664D9F1A3}.Release|ARM64.Build.0 = Release|Any CPU
		{8189CE46-7B6C-4A90-A06A-982664D9F1A3}.Release|x64.ActiveCfg = Release|Any CPU
		{8189CE46-7B6C-4A90-A06A-982664D9F1A3}.Release|x64.Build.0 = Release|Any CPU
		{8189CE46-7B6C-4A90-A06A-982664D9F1A3}.Release|x86.ActiveCfg = Release|Any CPU
		{8189CE46-7B6C-4A90-A06A-982664D9F1A3}.Release|x86.Build.0 = Release|Any CPU
		{534FEA89-E0CC-4B6A-9F21-5757804BCDE8}.Debug|Any CPU.ActiveCfg = Debug|Any CPU
		{534FEA89-E0CC-4B6A-9F21-5757804BCDE8}.Debug|Any CPU.Build.0 = Debug|Any CPU
		{534FEA89-E0CC-4B6A-9F21-5757804BCDE8}.Debug|ARM.ActiveCfg = Debug|Any CPU
		{534FEA89-E0CC-4B6A-9F21-5757804BCDE8}.Debug|ARM.Build.0 = Debug|Any CPU
		{534FEA89-E0CC-4B6A-9F21-5757804BCDE8}.Debug|ARM64.ActiveCfg = Debug|Any CPU
		{534FEA89-E0CC-4B6A-9F21-5757804BCDE8}.Debug|ARM64.Build.0 = Debug|Any CPU
		{534FEA89-E0CC-4B6A-9F21-5757804BCDE8}.Debug|x64.ActiveCfg = Debug|Any CPU
		{534FEA89-E0CC-4B6A-9F21-5757804BCDE8}.Debug|x64.Build.0 = Debug|Any CPU
		{534FEA89-E0CC-4B6A-9F21-5757804BCDE8}.Debug|x86.ActiveCfg = Debug|Any CPU
		{534FEA89-E0CC-4B6A-9F21-5757804BCDE8}.Debug|x86.Build.0 = Debug|Any CPU
		{534FEA89-E0CC-4B6A-9F21-5757804BCDE8}.Release|Any CPU.ActiveCfg = Release|Any CPU
		{534FEA89-E0CC-4B6A-9F21-5757804BCDE8}.Release|Any CPU.Build.0 = Release|Any CPU
		{534FEA89-E0CC-4B6A-9F21-5757804BCDE8}.Release|ARM.ActiveCfg = Release|Any CPU
		{534FEA89-E0CC-4B6A-9F21-5757804BCDE8}.Release|ARM.Build.0 = Release|Any CPU
		{534FEA89-E0CC-4B6A-9F21-5757804BCDE8}.Release|ARM64.ActiveCfg = Release|Any CPU
		{534FEA89-E0CC-4B6A-9F21-5757804BCDE8}.Release|ARM64.Build.0 = Release|Any CPU
		{534FEA89-E0CC-4B6A-9F21-5757804BCDE8}.Release|x64.ActiveCfg = Release|Any CPU
		{534FEA89-E0CC-4B6A-9F21-5757804BCDE8}.Release|x64.Build.0 = Release|Any CPU
		{534FEA89-E0CC-4B6A-9F21-5757804BCDE8}.Release|x86.ActiveCfg = Release|Any CPU
		{534FEA89-E0CC-4B6A-9F21-5757804BCDE8}.Release|x86.Build.0 = Release|Any CPU
		{9A850F2E-E5A3-42AD-AAF1-2EF3EFDA5E54}.Debug|Any CPU.ActiveCfg = Debug|Any CPU
		{9A850F2E-E5A3-42AD-AAF1-2EF3EFDA5E54}.Debug|Any CPU.Build.0 = Debug|Any CPU
		{9A850F2E-E5A3-42AD-AAF1-2EF3EFDA5E54}.Debug|ARM.ActiveCfg = Debug|Any CPU
		{9A850F2E-E5A3-42AD-AAF1-2EF3EFDA5E54}.Debug|ARM.Build.0 = Debug|Any CPU
		{9A850F2E-E5A3-42AD-AAF1-2EF3EFDA5E54}.Debug|ARM64.ActiveCfg = Debug|Any CPU
		{9A850F2E-E5A3-42AD-AAF1-2EF3EFDA5E54}.Debug|ARM64.Build.0 = Debug|Any CPU
		{9A850F2E-E5A3-42AD-AAF1-2EF3EFDA5E54}.Debug|x64.ActiveCfg = Debug|Any CPU
		{9A850F2E-E5A3-42AD-AAF1-2EF3EFDA5E54}.Debug|x64.Build.0 = Debug|Any CPU
		{9A850F2E-E5A3-42AD-AAF1-2EF3EFDA5E54}.Debug|x86.ActiveCfg = Debug|Any CPU
		{9A850F2E-E5A3-42AD-AAF1-2EF3EFDA5E54}.Debug|x86.Build.0 = Debug|Any CPU
		{9A850F2E-E5A3-42AD-AAF1-2EF3EFDA5E54}.Release|Any CPU.ActiveCfg = Release|Any CPU
		{9A850F2E-E5A3-42AD-AAF1-2EF3EFDA5E54}.Release|Any CPU.Build.0 = Release|Any CPU
		{9A850F2E-E5A3-42AD-AAF1-2EF3EFDA5E54}.Release|ARM.ActiveCfg = Release|Any CPU
		{9A850F2E-E5A3-42AD-AAF1-2EF3EFDA5E54}.Release|ARM.Build.0 = Release|Any CPU
		{9A850F2E-E5A3-42AD-AAF1-2EF3EFDA5E54}.Release|ARM64.ActiveCfg = Release|Any CPU
		{9A850F2E-E5A3-42AD-AAF1-2EF3EFDA5E54}.Release|ARM64.Build.0 = Release|Any CPU
		{9A850F2E-E5A3-42AD-AAF1-2EF3EFDA5E54}.Release|x64.ActiveCfg = Release|Any CPU
		{9A850F2E-E5A3-42AD-AAF1-2EF3EFDA5E54}.Release|x64.Build.0 = Release|Any CPU
		{9A850F2E-E5A3-42AD-AAF1-2EF3EFDA5E54}.Release|x86.ActiveCfg = Release|Any CPU
		{9A850F2E-E5A3-42AD-AAF1-2EF3EFDA5E54}.Release|x86.Build.0 = Release|Any CPU
		{96CD0528-4E25-43F0-85EC-95AF1015A91E}.Debug|Any CPU.ActiveCfg = Debug|Any CPU
		{96CD0528-4E25-43F0-85EC-95AF1015A91E}.Debug|Any CPU.Build.0 = Debug|Any CPU
		{96CD0528-4E25-43F0-85EC-95AF1015A91E}.Debug|ARM.ActiveCfg = Debug|Any CPU
		{96CD0528-4E25-43F0-85EC-95AF1015A91E}.Debug|ARM.Build.0 = Debug|Any CPU
		{96CD0528-4E25-43F0-85EC-95AF1015A91E}.Debug|ARM64.ActiveCfg = Debug|Any CPU
		{96CD0528-4E25-43F0-85EC-95AF1015A91E}.Debug|ARM64.Build.0 = Debug|Any CPU
		{96CD0528-4E25-43F0-85EC-95AF1015A91E}.Debug|x64.ActiveCfg = Debug|Any CPU
		{96CD0528-4E25-43F0-85EC-95AF1015A91E}.Debug|x64.Build.0 = Debug|Any CPU
		{96CD0528-4E25-43F0-85EC-95AF1015A91E}.Debug|x86.ActiveCfg = Debug|Any CPU
		{96CD0528-4E25-43F0-85EC-95AF1015A91E}.Debug|x86.Build.0 = Debug|Any CPU
		{96CD0528-4E25-43F0-85EC-95AF1015A91E}.Release|Any CPU.ActiveCfg = Release|Any CPU
		{96CD0528-4E25-43F0-85EC-95AF1015A91E}.Release|Any CPU.Build.0 = Release|Any CPU
		{96CD0528-4E25-43F0-85EC-95AF1015A91E}.Release|ARM.ActiveCfg = Release|Any CPU
		{96CD0528-4E25-43F0-85EC-95AF1015A91E}.Release|ARM.Build.0 = Release|Any CPU
		{96CD0528-4E25-43F0-85EC-95AF1015A91E}.Release|ARM64.ActiveCfg = Release|Any CPU
		{96CD0528-4E25-43F0-85EC-95AF1015A91E}.Release|ARM64.Build.0 = Release|Any CPU
		{96CD0528-4E25-43F0-85EC-95AF1015A91E}.Release|x64.ActiveCfg = Release|Any CPU
		{96CD0528-4E25-43F0-85EC-95AF1015A91E}.Release|x64.Build.0 = Release|Any CPU
		{96CD0528-4E25-43F0-85EC-95AF1015A91E}.Release|x86.ActiveCfg = Release|Any CPU
		{96CD0528-4E25-43F0-85EC-95AF1015A91E}.Release|x86.Build.0 = Release|Any CPU
	EndGlobalSection
	GlobalSection(SolutionProperties) = preSolution
		HideSolutionNode = FALSE
	EndGlobalSection
	GlobalSection(ExtensibilityGlobals) = postSolution
		SolutionGuid = {0FCE33EA-5008-4D9A-833A-61319CFC1B56}
	EndGlobalSection
EndGlobal
